
Microsoft Visual Studio Solution File, Format Version 12.00
# Visual Studio Version 17
VisualStudioVersion = 17.3.32825.248
MinimumVisualStudioVersion = 10.0.40219.1
Project("{FAE04EC0-301F-11D3-BF4B-00C04F79EFBC}") = "Week5LogicalOperators", "Week5LogicalOperators\Week5LogicalOperators.csproj", "{5AD87FC5-CF73-4A3D-889E-DC7BA021266C}"
EndProject
Project("{FAE04EC0-301F-11D3-BF4B-00C04F79EFBC}") = "ANDOperator", "ANDOperator\ANDOperator.csproj", "{9E38D3E6-F3F9-4B77-8611-B6893CE181B4}"
EndProject
Project("{FAE04EC0-301F-11D3-BF4B-00C04F79EFBC}") = "OROperator", "OROperator\OROperator.csproj", "{32952445-4553-4155-B473-9BBE2E1BE7AE}"
EndProject
Project("{FAE04EC0-301F-11D3-BF4B-00C04F79EFBC}") = "ANDRanges", "ANDRanges\ANDRanges.csproj", "{2DC3C664-5482-4A6A-B5CC-FB01344AD60E}"
EndProject
Global
	GlobalSection(SolutionConfigurationPlatforms) = preSolution
		Debug|Any CPU = Debug|Any CPU
		Release|Any CPU = Release|Any CPU
	EndGlobalSection
	GlobalSection(ProjectConfigurationPlatforms) = postSolution
		{5AD87FC5-CF73-4A3D-889E-DC7BA021266C}.Debug|Any CPU.ActiveCfg = Debug|Any CPU
		{5AD87FC5-CF73-4A3D-889E-DC7BA021266C}.Debug|Any CPU.Build.0 = Debug|Any CPU
		{5AD87FC5-CF73-4A3D-889E-DC7BA021266C}.Release|Any CPU.ActiveCfg = Release|Any CPU
		{5AD87FC5-CF73-4A3D-889E-DC7BA021266C}.Release|Any CPU.Build.0 = Release|Any CPU
		{9E38D3E6-F3F9-4B77-8611-B6893CE181B4}.Debug|Any CPU.ActiveCfg = Debug|Any CPU
		{9E38D3E6-F3F9-4B77-8611-B6893CE181B4}.Debug|Any CPU.Build.0 = Debug|Any CPU
		{9E38D3E6-F3F9-4B77-8611-B6893CE181B4}.Release|Any CPU.ActiveCfg = Release|Any CPU
		{9E38D3E6-F3F9-4B77-8611-B6893CE181B4}.Release|Any CPU.Build.0 = Release|Any CPU
		{32952445-4553-4155-B473-9BBE2E1BE7AE}.Debug|Any CPU.ActiveCfg = Debug|Any CPU
		{32952445-4553-4155-B473-9BBE2E1BE7AE}.Debug|Any CPU.Build.0 = Debug|Any CPU
		{32952445-4553-4155-B473-9BBE2E1BE7AE}.Release|Any CPU.ActiveCfg = Release|Any CPU
		{32952445-4553-4155-B473-9BBE2E1BE7AE}.Release|Any CPU.Build.0 = Release|Any CPU
		{2DC3C664-5482-4A6A-B5CC-FB01344AD60E}.Debug|Any CPU.ActiveCfg = Debug|Any CPU
		{2DC3C664-5482-4A6A-B5CC-FB01344AD60E}.Debug|Any CPU.Build.0 = Debug|Any CPU
		{2DC3C664-5482-4A6A-B5CC-FB01344AD60E}.Release|Any CPU.ActiveCfg = Release|Any CPU
		{2DC3C664-5482-4A6A-B5CC-FB01344AD60E}.Release|Any CPU.Build.0 = Release|Any CPU
	EndGlobalSection
	GlobalSection(SolutionProperties) = preSolution
		HideSolutionNode = FALSE
	EndGlobalSection
	GlobalSection(ExtensibilityGlobals) = postSolution
		SolutionGuid = {5E222A55-B602-4749-9B24-045B3095AB57}
	EndGlobalSection
EndGlobal
